
Microsoft Visual Studio Solution File, Format Version 12.00
# Visual Studio 15
VisualStudioVersion = 15.0.28307.168
MinimumVisualStudioVersion = 10.0.40219.1
Project("{FAE04EC0-301F-11D3-BF4B-00C04F79EFBC}") = "Meetings", "Meetings\Meetings.csproj", "{AE747520-CD65-4A79-9DAD-544D594A226E}"
EndProject
Project("{FAE04EC0-301F-11D3-BF4B-00C04F79EFBC}") = "RectanglesFromPoints", "RectanglesFromPoints\RectanglesFromPoints.csproj", "{FE9730EF-F280-459F-89B1-6622B6CBC02B}"
EndProject
Project("{FAE04EC0-301F-11D3-BF4B-00C04F79EFBC}") = "CombinationsOfKFromN", "CombinationsOfKFromN\CombinationsOfKFromN.csproj", "{B224FEEC-E2A0-4DC9-9A95-C735F32AC9D3}"
EndProject
Project("{FAE04EC0-301F-11D3-BF4B-00C04F79EFBC}") = "TwoLinesArePerpendicular", "TwoLinesArePerpendicular\TwoLinesArePerpendicular.csproj", "{BD893722-520E-4B04-81E6-83F5BC6999E9}"
EndProject
Project("{FAE04EC0-301F-11D3-BF4B-00C04F79EFBC}") = "LinkedList", "LinkedList\LinkedList.csproj", "{34672321-21B4-43F7-A7CE-58C3314C6875}"
EndProject
Project("{FAE04EC0-301F-11D3-BF4B-00C04F79EFBC}") = "Knapska01", "Knapska01\Knapska01.csproj", "{D77E2D64-3307-482D-A537-032EAD1D50E3}"
EndProject
Global
	GlobalSection(SolutionConfigurationPlatforms) = preSolution
		Debug|Any CPU = Debug|Any CPU
		Release|Any CPU = Release|Any CPU
	EndGlobalSection
	GlobalSection(ProjectConfigurationPlatforms) = postSolution
		{AE747520-CD65-4A79-9DAD-544D594A226E}.Debug|Any CPU.ActiveCfg = Debug|Any CPU
		{AE747520-CD65-4A79-9DAD-544D594A226E}.Debug|Any CPU.Build.0 = Debug|Any CPU
		{AE747520-CD65-4A79-9DAD-544D594A226E}.Release|Any CPU.ActiveCfg = Release|Any CPU
		{AE747520-CD65-4A79-9DAD-544D594A226E}.Release|Any CPU.Build.0 = Release|Any CPU
		{FE9730EF-F280-459F-89B1-6622B6CBC02B}.Debug|Any CPU.ActiveCfg = Debug|Any CPU
		{FE9730EF-F280-459F-89B1-6622B6CBC02B}.Debug|Any CPU.Build.0 = Debug|Any CPU
		{FE9730EF-F280-459F-89B1-6622B6CBC02B}.Release|Any CPU.ActiveCfg = Release|Any CPU
		{FE9730EF-F280-459F-89B1-6622B6CBC02B}.Release|Any CPU.Build.0 = Release|Any CPU
		{B224FEEC-E2A0-4DC9-9A95-C735F32AC9D3}.Debug|Any CPU.ActiveCfg = Debug|Any CPU
		{B224FEEC-E2A0-4DC9-9A95-C735F32AC9D3}.Debug|Any CPU.Build.0 = Debug|Any CPU
		{B224FEEC-E2A0-4DC9-9A95-C735F32AC9D3}.Release|Any CPU.ActiveCfg = Release|Any CPU
		{B224FEEC-E2A0-4DC9-9A95-C735F32AC9D3}.Release|Any CPU.Build.0 = Release|Any CPU
		{BD893722-520E-4B04-81E6-83F5BC6999E9}.Debug|Any CPU.ActiveCfg = Debug|Any CPU
		{BD893722-520E-4B04-81E6-83F5BC6999E9}.Debug|Any CPU.Build.0 = Debug|Any CPU
		{BD893722-520E-4B04-81E6-83F5BC6999E9}.Release|Any CPU.ActiveCfg = Release|Any CPU
		{BD893722-520E-4B04-81E6-83F5BC6999E9}.Release|Any CPU.Build.0 = Release|Any CPU
		{34672321-21B4-43F7-A7CE-58C3314C6875}.Debug|Any CPU.ActiveCfg = Debug|Any CPU
		{34672321-21B4-43F7-A7CE-58C3314C6875}.Debug|Any CPU.Build.0 = Debug|Any CPU
		{34672321-21B4-43F7-A7CE-58C3314C6875}.Release|Any CPU.ActiveCfg = Release|Any CPU
		{34672321-21B4-43F7-A7CE-58C3314C6875}.Release|Any CPU.Build.0 = Release|Any CPU
		{D77E2D64-3307-482D-A537-032EAD1D50E3}.Debug|Any CPU.ActiveCfg = Debug|Any CPU
		{D77E2D64-3307-482D-A537-032EAD1D50E3}.Debug|Any CPU.Build.0 = Debug|Any CPU
		{D77E2D64-3307-482D-A537-032EAD1D50E3}.Release|Any CPU.ActiveCfg = Release|Any CPU
		{D77E2D64-3307-482D-A537-032EAD1D50E3}.Release|Any CPU.Build.0 = Release|Any CPU
	EndGlobalSection
	GlobalSection(SolutionProperties) = preSolution
		HideSolutionNode = FALSE
	EndGlobalSection
	GlobalSection(ExtensibilityGlobals) = postSolution
		SolutionGuid = {7545070B-D59A-4157-9CFA-A4CF8B7F296E}
	EndGlobalSection
EndGlobal
